
Microsoft Visual Studio Solution File, Format Version 12.00
# Visual Studio Version 16
VisualStudioVersion = 16.0.29306.81
MinimumVisualStudioVersion = 10.0.40219.1
Project("{FAE04EC0-301F-11D3-BF4B-00C04F79EFBC}") = "rand 1-10", "rand 1-10\rand 1-10.csproj", "{8B89448C-F5B2-4BB8-AE01-982CBA9DAF46}"
EndProject
Global
	GlobalSection(SolutionConfigurationPlatforms) = preSolution
		Debug|Any CPU = Debug|Any CPU
		Release|Any CPU = Release|Any CPU
	EndGlobalSection
	GlobalSection(ProjectConfigurationPlatforms) = postSolution
		{8B89448C-F5B2-4BB8-AE01-982CBA9DAF46}.Debug|Any CPU.ActiveCfg = Debug|Any CPU
		{8B89448C-F5B2-4BB8-AE01-982CBA9DAF46}.Debug|Any CPU.Build.0 = Debug|Any CPU
		{8B89448C-F5B2-4BB8-AE01-982CBA9DAF46}.Release|Any CPU.ActiveCfg = Release|Any CPU
		{8B89448C-F5B2-4BB8-AE01-982CBA9DAF46}.Release|Any CPU.Build.0 = Release|Any CPU
	EndGlobalSection
	GlobalSection(SolutionProperties) = preSolution
		HideSolutionNode = FALSE
	EndGlobalSection
	GlobalSection(ExtensibilityGlobals) = postSolution
		SolutionGuid = {AB321535-5252-42C6-A845-F2565E2955B8}
	EndGlobalSection
EndGlobal
